// !$*UTF8*$!
{
	archiveVersion = 1;
	classes = {
	};
	objectVersion = 51;
	objects = {

/* Begin PBXBuildFile section */
		4567323B2579E7AA006D46B3 /* Database.swift in Sources */ = {isa = PBXBuildFile; fileRef = 4567323A2579E7AA006D46B3 /* Database.swift */; };
		4575A10C257DAE540003749A /* no-internet.json in Resources */ = {isa = PBXBuildFile; fileRef = 4575A10B257DAE540003749A /* no-internet.json */; };
		4575A117257DAF550003749A /* empty.json in Resources */ = {isa = PBXBuildFile; fileRef = 4575A116257DAF550003749A /* empty.json */; };
		4594D1702579BAC7006BFA5E /* APIConfiguration.swift in Sources */ = {isa = PBXBuildFile; fileRef = 4594D16F2579BAC7006BFA5E /* APIConfiguration.swift */; };
		4594D1752579BAF6006BFA5E /* Constants.swift in Sources */ = {isa = PBXBuildFile; fileRef = 4594D1742579BAF6006BFA5E /* Constants.swift */; };
		4594D17A2579BB16006BFA5E /* APIRouter.swift in Sources */ = {isa = PBXBuildFile; fileRef = 4594D1792579BB16006BFA5E /* APIRouter.swift */; };
		4594D1932579C3C4006BFA5E /* BaseVC.swift in Sources */ = {isa = PBXBuildFile; fileRef = 4594D1922579C3C4006BFA5E /* BaseVC.swift */; };
		4594D19B2579C3E3006BFA5E /* ListVC.swift in Sources */ = {isa = PBXBuildFile; fileRef = 4594D19A2579C3E3006BFA5E /* ListVC.swift */; };
		4594D1A02579C3EC006BFA5E /* ListVM.swift in Sources */ = {isa = PBXBuildFile; fileRef = 4594D19F2579C3EC006BFA5E /* ListVM.swift */; };
		4594D1A52579C4B9006BFA5E /* ListTests.swift in Sources */ = {isa = PBXBuildFile; fileRef = 4594D1A42579C4B9006BFA5E /* ListTests.swift */; };
		4594D1AB2579C4E3006BFA5E /* Hero.swift in Sources */ = {isa = PBXBuildFile; fileRef = 4594D1AA2579C4E3006BFA5E /* Hero.swift */; };
		4594D1B02579DA0F006BFA5E /* APITests.swift in Sources */ = {isa = PBXBuildFile; fileRef = 4594D1AF2579DA0F006BFA5E /* APITests.swift */; };
		4598450D257C667400D02339 /* DetailView.swift in Sources */ = {isa = PBXBuildFile; fileRef = 4598450C257C667400D02339 /* DetailView.swift */; };
		45984512257C6C1400D02339 /* StatsView.swift in Sources */ = {isa = PBXBuildFile; fileRef = 45984511257C6C1400D02339 /* StatsView.swift */; };
		45984517257C769800D02339 /* HeroProfile.swift in Sources */ = {isa = PBXBuildFile; fileRef = 45984516257C769800D02339 /* HeroProfile.swift */; };
		45984522257CCF3300D02339 /* SuggestedHero.swift in Sources */ = {isa = PBXBuildFile; fileRef = 45984521257CCF3300D02339 /* SuggestedHero.swift */; };
		45984527257D0E8400D02339 /* HeroDetailTests.swift in Sources */ = {isa = PBXBuildFile; fileRef = 45984526257D0E8400D02339 /* HeroDetailTests.swift */; };
		459974362579B63C00D805DF /* AppDelegate.swift in Sources */ = {isa = PBXBuildFile; fileRef = 459974352579B63C00D805DF /* AppDelegate.swift */; };
		459974382579B63C00D805DF /* SceneDelegate.swift in Sources */ = {isa = PBXBuildFile; fileRef = 459974372579B63C00D805DF /* SceneDelegate.swift */; };
		4599743D2579B63C00D805DF /* Main.storyboard in Resources */ = {isa = PBXBuildFile; fileRef = 4599743B2579B63C00D805DF /* Main.storyboard */; };
		4599743F2579B63C00D805DF /* Assets.xcassets in Resources */ = {isa = PBXBuildFile; fileRef = 4599743E2579B63C00D805DF /* Assets.xcassets */; };
		459974422579B63C00D805DF /* LaunchScreen.storyboard in Resources */ = {isa = PBXBuildFile; fileRef = 459974402579B63C00D805DF /* LaunchScreen.storyboard */; };
		4599744D2579B63C00D805DF /* Dota_HeroTests.swift in Sources */ = {isa = PBXBuildFile; fileRef = 4599744C2579B63C00D805DF /* Dota_HeroTests.swift */; };
		459974582579B63D00D805DF /* Dota_HeroUITests.swift in Sources */ = {isa = PBXBuildFile; fileRef = 459974572579B63D00D805DF /* Dota_HeroUITests.swift */; };
		45B05060257B0E3200128B89 /* Utils.swift in Sources */ = {isa = PBXBuildFile; fileRef = 45B0505F257B0E3200128B89 /* Utils.swift */; };
		45B05068257B40CA00128B89 /* ErrorView.swift in Sources */ = {isa = PBXBuildFile; fileRef = 45B05067257B40CA00128B89 /* ErrorView.swift */; };
		45B05071257B51D000128B89 /* error.json in Resources */ = {isa = PBXBuildFile; fileRef = 45B0506E257B51D000128B89 /* error.json */; };
		45B05078257B609C00128B89 /* RolesVC.swift in Sources */ = {isa = PBXBuildFile; fileRef = 45B05077257B609C00128B89 /* RolesVC.swift */; };
		45B0507D257B60A600128B89 /* RolesVM.swift in Sources */ = {isa = PBXBuildFile; fileRef = 45B0507C257B60A600128B89 /* RolesVM.swift */; };
		45B05082257B60B900128B89 /* RolesTests.swift in Sources */ = {isa = PBXBuildFile; fileRef = 45B05081257B60B900128B89 /* RolesTests.swift */; };
		45DAFAE7257B6B4700AD5DEF /* Extensions.swift in Sources */ = {isa = PBXBuildFile; fileRef = 45DAFAE6257B6B4700AD5DEF /* Extensions.swift */; };
		45DAFAF5257B868100AD5DEF /* HeroCell.swift in Sources */ = {isa = PBXBuildFile; fileRef = 45DAFAF3257B868100AD5DEF /* HeroCell.swift */; };
		45DAFAF6257B868100AD5DEF /* HeroCell.xib in Resources */ = {isa = PBXBuildFile; fileRef = 45DAFAF4257B868100AD5DEF /* HeroCell.xib */; };
		45DAFB0E257BD72900AD5DEF /* Localizable.strings in Resources */ = {isa = PBXBuildFile; fileRef = 45DAFB10257BD72900AD5DEF /* Localizable.strings */; };
		45DAFB19257BDA7B00AD5DEF /* HeroDetailVM.swift in Sources */ = {isa = PBXBuildFile; fileRef = 45DAFB18257BDA7B00AD5DEF /* HeroDetailVM.swift */; };
		45DAFB1E257BDA9500AD5DEF /* HeroDetailVC.swift in Sources */ = {isa = PBXBuildFile; fileRef = 45DAFB1D257BDA9500AD5DEF /* HeroDetailVC.swift */; };
		620BD010465851F529FC0068 /* Pods_Dota_HeroTests.framework in Frameworks */ = {isa = PBXBuildFile; fileRef = D11EECAEC8DD0A24156D377B /* Pods_Dota_HeroTests.framework */; };
		9B4873CE8E6CC92E1A82515C /* Pods_Dota_Hero.framework in Frameworks */ = {isa = PBXBuildFile; fileRef = 95D734B449BE9B6060328940 /* Pods_Dota_Hero.framework */; };
		E295E656035A9BD14B51704E /* Pods_Dota_Hero_Dota_HeroUITests.framework in Frameworks */ = {isa = PBXBuildFile; fileRef = D7E521EA6D7C5D53E50B25C6 /* Pods_Dota_Hero_Dota_HeroUITests.framework */; };
/* End PBXBuildFile section */

/* Begin PBXContainerItemProxy section */
		459974492579B63C00D805DF /* PBXContainerItemProxy */ = {
			isa = PBXContainerItemProxy;
			containerPortal = 4599742A2579B63C00D805DF /* Project object */;
			proxyType = 1;
			remoteGlobalIDString = 459974312579B63C00D805DF;
			remoteInfo = "Dota Hero";
		};
		459974542579B63D00D805DF /* PBXContainerItemProxy */ = {
			isa = PBXContainerItemProxy;
			containerPortal = 4599742A2579B63C00D805DF /* Project object */;
			proxyType = 1;
			remoteGlobalIDString = 459974312579B63C00D805DF;
			remoteInfo = "Dota Hero";
		};
/* End PBXContainerItemProxy section */

/* Begin PBXFileReference section */
		27541FB9891F6A0B6B5A3662 /* Pods-Dota Hero.release.xcconfig */ = {isa = PBXFileReference; includeInIndex = 1; lastKnownFileType = text.xcconfig; name = "Pods-Dota Hero.release.xcconfig"; path = "Target Support Files/Pods-Dota Hero/Pods-Dota Hero.release.xcconfig"; sourceTree = "<group>"; };
		3B42CE21CAD604950324005F /* Pods-Dota HeroTests.release.xcconfig */ = {isa = PBXFileReference; includeInIndex = 1; lastKnownFileType = text.xcconfig; name = "Pods-Dota HeroTests.release.xcconfig"; path = "Target Support Files/Pods-Dota HeroTests/Pods-Dota HeroTests.release.xcconfig"; sourceTree = "<group>"; };
		4567323A2579E7AA006D46B3 /* Database.swift */ = {isa = PBXFileReference; lastKnownFileType = sourcecode.swift; path = Database.swift; sourceTree = "<group>"; };
		4575A10B257DAE540003749A /* no-internet.json */ = {isa = PBXFileReference; fileEncoding = 4; lastKnownFileType = text.json; path = "no-internet.json"; sourceTree = "<group>"; };
		4575A116257DAF550003749A /* empty.json */ = {isa = PBXFileReference; fileEncoding = 4; lastKnownFileType = text.json; path = empty.json; sourceTree = "<group>"; };
		4594D16F2579BAC7006BFA5E /* APIConfiguration.swift */ = {isa = PBXFileReference; lastKnownFileType = sourcecode.swift; path = APIConfiguration.swift; sourceTree = "<group>"; };
		4594D1742579BAF6006BFA5E /* Constants.swift */ = {isa = PBXFileReference; lastKnownFileType = sourcecode.swift; path = Constants.swift; sourceTree = "<group>"; };
		4594D1792579BB16006BFA5E /* APIRouter.swift */ = {isa = PBXFileReference; lastKnownFileType = sourcecode.swift; path = APIRouter.swift; sourceTree = "<group>"; };
		4594D1922579C3C4006BFA5E /* BaseVC.swift */ = {isa = PBXFileReference; lastKnownFileType = sourcecode.swift; path = BaseVC.swift; sourceTree = "<group>"; };
		4594D19A2579C3E3006BFA5E /* ListVC.swift */ = {isa = PBXFileReference; lastKnownFileType = sourcecode.swift; path = ListVC.swift; sourceTree = "<group>"; };
		4594D19F2579C3EC006BFA5E /* ListVM.swift */ = {isa = PBXFileReference; lastKnownFileType = sourcecode.swift; path = ListVM.swift; sourceTree = "<group>"; };
		4594D1A42579C4B9006BFA5E /* ListTests.swift */ = {isa = PBXFileReference; lastKnownFileType = sourcecode.swift; path = ListTests.swift; sourceTree = "<group>"; };
		4594D1AA2579C4E3006BFA5E /* Hero.swift */ = {isa = PBXFileReference; lastKnownFileType = sourcecode.swift; path = Hero.swift; sourceTree = "<group>"; };
		4594D1AF2579DA0F006BFA5E /* APITests.swift */ = {isa = PBXFileReference; lastKnownFileType = sourcecode.swift; path = APITests.swift; sourceTree = "<group>"; };
		4598450C257C667400D02339 /* DetailView.swift */ = {isa = PBXFileReference; lastKnownFileType = sourcecode.swift; path = DetailView.swift; sourceTree = "<group>"; };
		45984511257C6C1400D02339 /* StatsView.swift */ = {isa = PBXFileReference; lastKnownFileType = sourcecode.swift; path = StatsView.swift; sourceTree = "<group>"; };
		45984516257C769800D02339 /* HeroProfile.swift */ = {isa = PBXFileReference; lastKnownFileType = sourcecode.swift; path = HeroProfile.swift; sourceTree = "<group>"; };
		45984521257CCF3300D02339 /* SuggestedHero.swift */ = {isa = PBXFileReference; lastKnownFileType = sourcecode.swift; path = SuggestedHero.swift; sourceTree = "<group>"; };
		45984526257D0E8400D02339 /* HeroDetailTests.swift */ = {isa = PBXFileReference; lastKnownFileType = sourcecode.swift; path = HeroDetailTests.swift; sourceTree = "<group>"; };
		459974322579B63C00D805DF /* Dota Hero.app */ = {isa = PBXFileReference; explicitFileType = wrapper.application; includeInIndex = 0; path = "Dota Hero.app"; sourceTree = BUILT_PRODUCTS_DIR; };
		459974352579B63C00D805DF /* AppDelegate.swift */ = {isa = PBXFileReference; lastKnownFileType = sourcecode.swift; path = AppDelegate.swift; sourceTree = "<group>"; };
		459974372579B63C00D805DF /* SceneDelegate.swift */ = {isa = PBXFileReference; lastKnownFileType = sourcecode.swift; path = SceneDelegate.swift; sourceTree = "<group>"; };
		4599743C2579B63C00D805DF /* Base */ = {isa = PBXFileReference; lastKnownFileType = file.storyboard; name = Base; path = Base.lproj/Main.storyboard; sourceTree = "<group>"; };
		4599743E2579B63C00D805DF /* Assets.xcassets */ = {isa = PBXFileReference; lastKnownFileType = folder.assetcatalog; path = Assets.xcassets; sourceTree = "<group>"; };
		459974412579B63C00D805DF /* Base */ = {isa = PBXFileReference; lastKnownFileType = file.storyboard; name = Base; path = Base.lproj/LaunchScreen.storyboard; sourceTree = "<group>"; };
		459974432579B63C00D805DF /* Info.plist */ = {isa = PBXFileReference; lastKnownFileType = text.plist.xml; path = Info.plist; sourceTree = "<group>"; };
		459974482579B63C00D805DF /* Dota HeroTests.xctest */ = {isa = PBXFileReference; explicitFileType = wrapper.cfbundle; includeInIndex = 0; path = "Dota HeroTests.xctest"; sourceTree = BUILT_PRODUCTS_DIR; };
		4599744C2579B63C00D805DF /* Dota_HeroTests.swift */ = {isa = PBXFileReference; lastKnownFileType = sourcecode.swift; path = Dota_HeroTests.swift; sourceTree = "<group>"; };
		4599744E2579B63C00D805DF /* Info.plist */ = {isa = PBXFileReference; lastKnownFileType = text.plist.xml; path = Info.plist; sourceTree = "<group>"; };
		459974532579B63D00D805DF /* Dota HeroUITests.xctest */ = {isa = PBXFileReference; explicitFileType = wrapper.cfbundle; includeInIndex = 0; path = "Dota HeroUITests.xctest"; sourceTree = BUILT_PRODUCTS_DIR; };
		459974572579B63D00D805DF /* Dota_HeroUITests.swift */ = {isa = PBXFileReference; lastKnownFileType = sourcecode.swift; path = Dota_HeroUITests.swift; sourceTree = "<group>"; };
		459974592579B63D00D805DF /* Info.plist */ = {isa = PBXFileReference; lastKnownFileType = text.plist.xml; path = Info.plist; sourceTree = "<group>"; };
		45B0505F257B0E3200128B89 /* Utils.swift */ = {isa = PBXFileReference; lastKnownFileType = sourcecode.swift; path = Utils.swift; sourceTree = "<group>"; };
		45B05067257B40CA00128B89 /* ErrorView.swift */ = {isa = PBXFileReference; lastKnownFileType = sourcecode.swift; path = ErrorView.swift; sourceTree = "<group>"; };
		45B0506E257B51D000128B89 /* error.json */ = {isa = PBXFileReference; fileEncoding = 4; lastKnownFileType = text.json; path = error.json; sourceTree = "<group>"; };
		45B05077257B609C00128B89 /* RolesVC.swift */ = {isa = PBXFileReference; lastKnownFileType = sourcecode.swift; path = RolesVC.swift; sourceTree = "<group>"; };
		45B0507C257B60A600128B89 /* RolesVM.swift */ = {isa = PBXFileReference; lastKnownFileType = sourcecode.swift; path = RolesVM.swift; sourceTree = "<group>"; };
		45B05081257B60B900128B89 /* RolesTests.swift */ = {isa = PBXFileReference; lastKnownFileType = sourcecode.swift; path = RolesTests.swift; sourceTree = "<group>"; };
		45DAFAE6257B6B4700AD5DEF /* Extensions.swift */ = {isa = PBXFileReference; lastKnownFileType = sourcecode.swift; path = Extensions.swift; sourceTree = "<group>"; };
		45DAFAF3257B868100AD5DEF /* HeroCell.swift */ = {isa = PBXFileReference; lastKnownFileType = sourcecode.swift; path = HeroCell.swift; sourceTree = "<group>"; };
		45DAFAF4257B868100AD5DEF /* HeroCell.xib */ = {isa = PBXFileReference; lastKnownFileType = file.xib; path = HeroCell.xib; sourceTree = "<group>"; };
		45DAFB06257BD6E400AD5DEF /* id */ = {isa = PBXFileReference; lastKnownFileType = text.plist.strings; name = id; path = id.lproj/Main.strings; sourceTree = "<group>"; };
		45DAFB0A257BD6E400AD5DEF /* id */ = {isa = PBXFileReference; lastKnownFileType = text.plist.strings; name = id; path = id.lproj/LaunchScreen.strings; sourceTree = "<group>"; };
		45DAFB0F257BD72900AD5DEF /* en */ = {isa = PBXFileReference; lastKnownFileType = text.plist.strings; name = en; path = en.lproj/Localizable.strings; sourceTree = "<group>"; };
		45DAFB14257BD72E00AD5DEF /* id */ = {isa = PBXFileReference; lastKnownFileType = text.plist.strings; name = id; path = id.lproj/Localizable.strings; sourceTree = "<group>"; };
		45DAFB18257BDA7B00AD5DEF /* HeroDetailVM.swift */ = {isa = PBXFileReference; lastKnownFileType = sourcecode.swift; path = HeroDetailVM.swift; sourceTree = "<group>"; };
		45DAFB1D257BDA9500AD5DEF /* HeroDetailVC.swift */ = {isa = PBXFileReference; lastKnownFileType = sourcecode.swift; path = HeroDetailVC.swift; sourceTree = "<group>"; };
		89747CF412AE40EADE3E76AA /* Pods-Dota Hero.debug.xcconfig */ = {isa = PBXFileReference; includeInIndex = 1; lastKnownFileType = text.xcconfig; name = "Pods-Dota Hero.debug.xcconfig"; path = "Target Support Files/Pods-Dota Hero/Pods-Dota Hero.debug.xcconfig"; sourceTree = "<group>"; };
		91F72B96F8508F9EC663CAA2 /* Pods-Dota HeroTests.debug.xcconfig */ = {isa = PBXFileReference; includeInIndex = 1; lastKnownFileType = text.xcconfig; name = "Pods-Dota HeroTests.debug.xcconfig"; path = "Target Support Files/Pods-Dota HeroTests/Pods-Dota HeroTests.debug.xcconfig"; sourceTree = "<group>"; };
		95D734B449BE9B6060328940 /* Pods_Dota_Hero.framework */ = {isa = PBXFileReference; explicitFileType = wrapper.framework; includeInIndex = 0; path = Pods_Dota_Hero.framework; sourceTree = BUILT_PRODUCTS_DIR; };
		C72751076B2758E000BD52A3 /* Pods-Dota Hero-Dota HeroUITests.debug.xcconfig */ = {isa = PBXFileReference; includeInIndex = 1; lastKnownFileType = text.xcconfig; name = "Pods-Dota Hero-Dota HeroUITests.debug.xcconfig"; path = "Target Support Files/Pods-Dota Hero-Dota HeroUITests/Pods-Dota Hero-Dota HeroUITests.debug.xcconfig"; sourceTree = "<group>"; };
		D11EECAEC8DD0A24156D377B /* Pods_Dota_HeroTests.framework */ = {isa = PBXFileReference; explicitFileType = wrapper.framework; includeInIndex = 0; path = Pods_Dota_HeroTests.framework; sourceTree = BUILT_PRODUCTS_DIR; };
		D7E521EA6D7C5D53E50B25C6 /* Pods_Dota_Hero_Dota_HeroUITests.framework */ = {isa = PBXFileReference; explicitFileType = wrapper.framework; includeInIndex = 0; path = Pods_Dota_Hero_Dota_HeroUITests.framework; sourceTree = BUILT_PRODUCTS_DIR; };
		EF12F8D2652309E9589BA01F /* Pods-Dota Hero-Dota HeroUITests.release.xcconfig */ = {isa = PBXFileReference; includeInIndex = 1; lastKnownFileType = text.xcconfig; name = "Pods-Dota Hero-Dota HeroUITests.release.xcconfig"; path = "Target Support Files/Pods-Dota Hero-Dota HeroUITests/Pods-Dota Hero-Dota HeroUITests.release.xcconfig"; sourceTree = "<group>"; };
/* End PBXFileReference section */

/* Begin PBXFrameworksBuildPhase section */
		4599742F2579B63C00D805DF /* Frameworks */ = {
			isa = PBXFrameworksBuildPhase;
			buildActionMask = 2147483647;
			files = (
				9B4873CE8E6CC92E1A82515C /* Pods_Dota_Hero.framework in Frameworks */,
			);
			runOnlyForDeploymentPostprocessing = 0;
		};
		459974452579B63C00D805DF /* Frameworks */ = {
			isa = PBXFrameworksBuildPhase;
			buildActionMask = 2147483647;
			files = (
				620BD010465851F529FC0068 /* Pods_Dota_HeroTests.framework in Frameworks */,
			);
			runOnlyForDeploymentPostprocessing = 0;
		};
		459974502579B63D00D805DF /* Frameworks */ = {
			isa = PBXFrameworksBuildPhase;
			buildActionMask = 2147483647;
			files = (
				E295E656035A9BD14B51704E /* Pods_Dota_Hero_Dota_HeroUITests.framework in Frameworks */,
			);
			runOnlyForDeploymentPostprocessing = 0;
		};
/* End PBXFrameworksBuildPhase section */

/* Begin PBXGroup section */
		2FC5565C60C051F151C45A5F /* Pods */ = {
			isa = PBXGroup;
			children = (
				89747CF412AE40EADE3E76AA /* Pods-Dota Hero.debug.xcconfig */,
				27541FB9891F6A0B6B5A3662 /* Pods-Dota Hero.release.xcconfig */,
				C72751076B2758E000BD52A3 /* Pods-Dota Hero-Dota HeroUITests.debug.xcconfig */,
				EF12F8D2652309E9589BA01F /* Pods-Dota Hero-Dota HeroUITests.release.xcconfig */,
				91F72B96F8508F9EC663CAA2 /* Pods-Dota HeroTests.debug.xcconfig */,
				3B42CE21CAD604950324005F /* Pods-Dota HeroTests.release.xcconfig */,
			);
			path = Pods;
			sourceTree = "<group>";
		};
		3CF653EAE6B920667CE72189 /* Frameworks */ = {
			isa = PBXGroup;
			children = (
				95D734B449BE9B6060328940 /* Pods_Dota_Hero.framework */,
				D7E521EA6D7C5D53E50B25C6 /* Pods_Dota_Hero_Dota_HeroUITests.framework */,
				D11EECAEC8DD0A24156D377B /* Pods_Dota_HeroTests.framework */,
			);
			name = Frameworks;
			sourceTree = "<group>";
		};
		4594D16E2579BAAB006BFA5E /* Configs */ = {
			isa = PBXGroup;
			children = (
				4594D16F2579BAC7006BFA5E /* APIConfiguration.swift */,
				4594D1742579BAF6006BFA5E /* Constants.swift */,
				4594D1792579BB16006BFA5E /* APIRouter.swift */,
				4567323A2579E7AA006D46B3 /* Database.swift */,
				45B0505F257B0E3200128B89 /* Utils.swift */,
				45DAFAE6257B6B4700AD5DEF /* Extensions.swift */,
			);
			path = Configs;
			sourceTree = "<group>";
		};
		4594D1912579C1C2006BFA5E /* Hero List */ = {
			isa = PBXGroup;
			children = (
				4594D1AA2579C4E3006BFA5E /* Hero.swift */,
				4594D19A2579C3E3006BFA5E /* ListVC.swift */,
				4594D19F2579C3EC006BFA5E /* ListVM.swift */,
				45DAFAF3257B868100AD5DEF /* HeroCell.swift */,
				45DAFAF4257B868100AD5DEF /* HeroCell.xib */,
			);
			path = "Hero List";
			sourceTree = "<group>";
		};
		4594D1B72579DF36006BFA5E /* Resources */ = {
			isa = PBXGroup;
			children = (
				45DAFAFD257BD55100AD5DEF /* Global */,
				45B05076257B605700128B89 /* Roles */,
				4594D1B82579DF44006BFA5E /* Hero Detail */,
				4594D1912579C1C2006BFA5E /* Hero List */,
			);
			path = Resources;
			sourceTree = "<group>";
		};
		4594D1B82579DF44006BFA5E /* Hero Detail */ = {
			isa = PBXGroup;
			children = (
				45DAFB18257BDA7B00AD5DEF /* HeroDetailVM.swift */,
				45DAFB1D257BDA9500AD5DEF /* HeroDetailVC.swift */,
				4598450C257C667400D02339 /* DetailView.swift */,
				45984511257C6C1400D02339 /* StatsView.swift */,
				45984516257C769800D02339 /* HeroProfile.swift */,
				45984521257CCF3300D02339 /* SuggestedHero.swift */,
			);
			path = "Hero Detail";
			sourceTree = "<group>";
		};
		459974292579B63C00D805DF = {
			isa = PBXGroup;
			children = (
				459974342579B63C00D805DF /* Dota Hero */,
				4599744B2579B63C00D805DF /* Dota HeroTests */,
				459974562579B63D00D805DF /* Dota HeroUITests */,
				459974332579B63C00D805DF /* Products */,
				2FC5565C60C051F151C45A5F /* Pods */,
				3CF653EAE6B920667CE72189 /* Frameworks */,
			);
			sourceTree = "<group>";
		};
		459974332579B63C00D805DF /* Products */ = {
			isa = PBXGroup;
			children = (
				459974322579B63C00D805DF /* Dota Hero.app */,
				459974482579B63C00D805DF /* Dota HeroTests.xctest */,
				459974532579B63D00D805DF /* Dota HeroUITests.xctest */,
			);
			name = Products;
			sourceTree = "<group>";
		};
		459974342579B63C00D805DF /* Dota Hero */ = {
			isa = PBXGroup;
			children = (
				45B0506C257B51A200128B89 /* Lotties */,
				4594D1B72579DF36006BFA5E /* Resources */,
				4594D16E2579BAAB006BFA5E /* Configs */,
				459974352579B63C00D805DF /* AppDelegate.swift */,
				459974372579B63C00D805DF /* SceneDelegate.swift */,
				4594D1922579C3C4006BFA5E /* BaseVC.swift */,
				4599743B2579B63C00D805DF /* Main.storyboard */,
				4599743E2579B63C00D805DF /* Assets.xcassets */,
				459974402579B63C00D805DF /* LaunchScreen.storyboard */,
				459974432579B63C00D805DF /* Info.plist */,
				45DAFB10257BD72900AD5DEF /* Localizable.strings */,
			);
			path = "Dota Hero";
			sourceTree = "<group>";
		};
		4599744B2579B63C00D805DF /* Dota HeroTests */ = {
			isa = PBXGroup;
			children = (
				4599744C2579B63C00D805DF /* Dota_HeroTests.swift */,
				4599744E2579B63C00D805DF /* Info.plist */,
				4594D1A42579C4B9006BFA5E /* ListTests.swift */,
				4594D1AF2579DA0F006BFA5E /* APITests.swift */,
				45B05081257B60B900128B89 /* RolesTests.swift */,
				45984526257D0E8400D02339 /* HeroDetailTests.swift */,
			);
			path = "Dota HeroTests";
			sourceTree = "<group>";
		};
		459974562579B63D00D805DF /* Dota HeroUITests */ = {
			isa = PBXGroup;
			children = (
				459974572579B63D00D805DF /* Dota_HeroUITests.swift */,
				459974592579B63D00D805DF /* Info.plist */,
			);
			path = "Dota HeroUITests";
			sourceTree = "<group>";
		};
		45B0506C257B51A200128B89 /* Lotties */ = {
			isa = PBXGroup;
			children = (
				4575A116257DAF550003749A /* empty.json */,
				4575A10B257DAE540003749A /* no-internet.json */,
				45B0506E257B51D000128B89 /* error.json */,
			);
			path = Lotties;
			sourceTree = "<group>";
		};
		45B05076257B605700128B89 /* Roles */ = {
			isa = PBXGroup;
			children = (
				45B05077257B609C00128B89 /* RolesVC.swift */,
				45B0507C257B60A600128B89 /* RolesVM.swift */,
			);
			path = Roles;
			sourceTree = "<group>";
		};
		45DAFAFD257BD55100AD5DEF /* Global */ = {
			isa = PBXGroup;
			children = (
				45B05067257B40CA00128B89 /* ErrorView.swift */,
			);
			path = Global;
			sourceTree = "<group>";
		};
/* End PBXGroup section */

/* Begin PBXNativeTarget section */
		459974312579B63C00D805DF /* Dota Hero */ = {
			isa = PBXNativeTarget;
			buildConfigurationList = 4599745C2579B63D00D805DF /* Build configuration list for PBXNativeTarget "Dota Hero" */;
			buildPhases = (
				E4B1DAFC29B15E1956D032B8 /* [CP] Check Pods Manifest.lock */,
				4599742E2579B63C00D805DF /* Sources */,
				4599742F2579B63C00D805DF /* Frameworks */,
				459974302579B63C00D805DF /* Resources */,
				86D717498BEF8C1B3D117D24 /* [CP] Embed Pods Frameworks */,
			);
			buildRules = (
			);
			dependencies = (
			);
			name = "Dota Hero";
			productName = "Dota Hero";
			productReference = 459974322579B63C00D805DF /* Dota Hero.app */;
			productType = "com.apple.product-type.application";
		};
		459974472579B63C00D805DF /* Dota HeroTests */ = {
			isa = PBXNativeTarget;
			buildConfigurationList = 4599745F2579B63D00D805DF /* Build configuration list for PBXNativeTarget "Dota HeroTests" */;
			buildPhases = (
				982C2CBD5E8E4DDE0C3D3229 /* [CP] Check Pods Manifest.lock */,
				459974442579B63C00D805DF /* Sources */,
				459974452579B63C00D805DF /* Frameworks */,
				459974462579B63C00D805DF /* Resources */,
			);
			buildRules = (
			);
			dependencies = (
				4599744A2579B63C00D805DF /* PBXTargetDependency */,
			);
			name = "Dota HeroTests";
			productName = "Dota HeroTests";
			productReference = 459974482579B63C00D805DF /* Dota HeroTests.xctest */;
			productType = "com.apple.product-type.bundle.unit-test";
		};
		459974522579B63D00D805DF /* Dota HeroUITests */ = {
			isa = PBXNativeTarget;
			buildConfigurationList = 459974622579B63D00D805DF /* Build configuration list for PBXNativeTarget "Dota HeroUITests" */;
			buildPhases = (
				F48E35D7DDA6587577BA9050 /* [CP] Check Pods Manifest.lock */,
				4599744F2579B63D00D805DF /* Sources */,
				459974502579B63D00D805DF /* Frameworks */,
				459974512579B63D00D805DF /* Resources */,
				6C15B2C9CA1DB8134C4137EB /* [CP] Embed Pods Frameworks */,
			);
			buildRules = (
			);
			dependencies = (
				459974552579B63D00D805DF /* PBXTargetDependency */,
			);
			name = "Dota HeroUITests";
			productName = "Dota HeroUITests";
			productReference = 459974532579B63D00D805DF /* Dota HeroUITests.xctest */;
			productType = "com.apple.product-type.bundle.ui-testing";
		};
/* End PBXNativeTarget section */

/* Begin PBXProject section */
		4599742A2579B63C00D805DF /* Project object */ = {
			isa = PBXProject;
			attributes = {
				LastSwiftUpdateCheck = 1220;
				LastUpgradeCheck = 1220;
				TargetAttributes = {
					459974312579B63C00D805DF = {
						CreatedOnToolsVersion = 12.2;
					};
					459974472579B63C00D805DF = {
						CreatedOnToolsVersion = 12.2;
						TestTargetID = 459974312579B63C00D805DF;
					};
					459974522579B63D00D805DF = {
						CreatedOnToolsVersion = 12.2;
						TestTargetID = 459974312579B63C00D805DF;
					};
				};
			};
			buildConfigurationList = 4599742D2579B63C00D805DF /* Build configuration list for PBXProject "Dota Hero" */;
			compatibilityVersion = "Xcode 9.3";
			developmentRegion = en;
			hasScannedForEncodings = 0;
			knownRegions = (
				en,
				Base,
				id,
			);
			mainGroup = 459974292579B63C00D805DF;
			productRefGroup = 459974332579B63C00D805DF /* Products */;
			projectDirPath = "";
			projectRoot = "";
			targets = (
				459974312579B63C00D805DF /* Dota Hero */,
				459974472579B63C00D805DF /* Dota HeroTests */,
				459974522579B63D00D805DF /* Dota HeroUITests */,
			);
		};
/* End PBXProject section */

/* Begin PBXResourcesBuildPhase section */
		459974302579B63C00D805DF /* Resources */ = {
			isa = PBXResourcesBuildPhase;
			buildActionMask = 2147483647;
			files = (
				45B05071257B51D000128B89 /* error.json in Resources */,
				459974422579B63C00D805DF /* LaunchScreen.storyboard in Resources */,
				4575A10C257DAE540003749A /* no-internet.json in Resources */,
				45DAFAF6257B868100AD5DEF /* HeroCell.xib in Resources */,
				4575A117257DAF550003749A /* empty.json in Resources */,
				4599743F2579B63C00D805DF /* Assets.xcassets in Resources */,
				45DAFB0E257BD72900AD5DEF /* Localizable.strings in Resources */,
				4599743D2579B63C00D805DF /* Main.storyboard in Resources */,
			);
			runOnlyForDeploymentPostprocessing = 0;
		};
		459974462579B63C00D805DF /* Resources */ = {
			isa = PBXResourcesBuildPhase;
			buildActionMask = 2147483647;
			files = (
			);
			runOnlyForDeploymentPostprocessing = 0;
		};
		459974512579B63D00D805DF /* Resources */ = {
			isa = PBXResourcesBuildPhase;
			buildActionMask = 2147483647;
			files = (
			);
			runOnlyForDeploymentPostprocessing = 0;
		};
/* End PBXResourcesBuildPhase section */

/* Begin PBXShellScriptBuildPhase section */
		6C15B2C9CA1DB8134C4137EB /* [CP] Embed Pods Frameworks */ = {
			isa = PBXShellScriptBuildPhase;
			buildActionMask = 2147483647;
			files = (
			);
			inputFileListPaths = (
				"${PODS_ROOT}/Target Support Files/Pods-Dota Hero-Dota HeroUITests/Pods-Dota Hero-Dota HeroUITests-frameworks-${CONFIGURATION}-input-files.xcfilelist",
			);
			name = "[CP] Embed Pods Frameworks";
			outputFileListPaths = (
				"${PODS_ROOT}/Target Support Files/Pods-Dota Hero-Dota HeroUITests/Pods-Dota Hero-Dota HeroUITests-frameworks-${CONFIGURATION}-output-files.xcfilelist",
			);
			runOnlyForDeploymentPostprocessing = 0;
			shellPath = /bin/sh;
			shellScript = "\"${PODS_ROOT}/Target Support Files/Pods-Dota Hero-Dota HeroUITests/Pods-Dota Hero-Dota HeroUITests-frameworks.sh\"\n";
			showEnvVarsInLog = 0;
		};
		86D717498BEF8C1B3D117D24 /* [CP] Embed Pods Frameworks */ = {
			isa = PBXShellScriptBuildPhase;
			buildActionMask = 2147483647;
			files = (
			);
			inputFileListPaths = (
				"${PODS_ROOT}/Target Support Files/Pods-Dota Hero/Pods-Dota Hero-frameworks-${CONFIGURATION}-input-files.xcfilelist",
			);
			name = "[CP] Embed Pods Frameworks";
			outputFileListPaths = (
				"${PODS_ROOT}/Target Support Files/Pods-Dota Hero/Pods-Dota Hero-frameworks-${CONFIGURATION}-output-files.xcfilelist",
			);
			runOnlyForDeploymentPostprocessing = 0;
			shellPath = /bin/sh;
			shellScript = "\"${PODS_ROOT}/Target Support Files/Pods-Dota Hero/Pods-Dota Hero-frameworks.sh\"\n";
			showEnvVarsInLog = 0;
		};
		982C2CBD5E8E4DDE0C3D3229 /* [CP] Check Pods Manifest.lock */ = {
			isa = PBXShellScriptBuildPhase;
			buildActionMask = 2147483647;
			files = (
			);
			inputFileListPaths = (
			);
			inputPaths = (
				"${PODS_PODFILE_DIR_PATH}/Podfile.lock",
				"${PODS_ROOT}/Manifest.lock",
			);
			name = "[CP] Check Pods Manifest.lock";
			outputFileListPaths = (
			);
			outputPaths = (
				"$(DERIVED_FILE_DIR)/Pods-Dota HeroTests-checkManifestLockResult.txt",
			);
			runOnlyForDeploymentPostprocessing = 0;
			shellPath = /bin/sh;
			shellScript = "diff \"${PODS_PODFILE_DIR_PATH}/Podfile.lock\" \"${PODS_ROOT}/Manifest.lock\" > /dev/null\nif [ $? != 0 ] ; then\n    # print error to STDERR\n    echo \"error: The sandbox is not in sync with the Podfile.lock. Run 'pod install' or update your CocoaPods installation.\" >&2\n    exit 1\nfi\n# This output is used by Xcode 'outputs' to avoid re-running this script phase.\necho \"SUCCESS\" > \"${SCRIPT_OUTPUT_FILE_0}\"\n";
			showEnvVarsInLog = 0;
		};
		E4B1DAFC29B15E1956D032B8 /* [CP] Check Pods Manifest.lock */ = {
			isa = PBXShellScriptBuildPhase;
			buildActionMask = 2147483647;
			files = (
			);
			inputFileListPaths = (
			);
			inputPaths = (
				"${PODS_PODFILE_DIR_PATH}/Podfile.lock",
				"${PODS_ROOT}/Manifest.lock",
			);
			name = "[CP] Check Pods Manifest.lock";
			outputFileListPaths = (
			);
			outputPaths = (
				"$(DERIVED_FILE_DIR)/Pods-Dota Hero-checkManifestLockResult.txt",
			);
			runOnlyForDeploymentPostprocessing = 0;
			shellPath = /bin/sh;
			shellScript = "diff \"${PODS_PODFILE_DIR_PATH}/Podfile.lock\" \"${PODS_ROOT}/Manifest.lock\" > /dev/null\nif [ $? != 0 ] ; then\n    # print error to STDERR\n    echo \"error: The sandbox is not in sync with the Podfile.lock. Run 'pod install' or update your CocoaPods installation.\" >&2\n    exit 1\nfi\n# This output is used by Xcode 'outputs' to avoid re-running this script phase.\necho \"SUCCESS\" > \"${SCRIPT_OUTPUT_FILE_0}\"\n";
			showEnvVarsInLog = 0;
		};
		F48E35D7DDA6587577BA9050 /* [CP] Check Pods Manifest.lock */ = {
			isa = PBXShellScriptBuildPhase;
			buildActionMask = 2147483647;
			files = (
			);
			inputFileListPaths = (
			);
			inputPaths = (
				"${PODS_PODFILE_DIR_PATH}/Podfile.lock",
				"${PODS_ROOT}/Manifest.lock",
			);
			name = "[CP] Check Pods Manifest.lock";
			outputFileListPaths = (
			);
			outputPaths = (
				"$(DERIVED_FILE_DIR)/Pods-Dota Hero-Dota HeroUITests-checkManifestLockResult.txt",
			);
			runOnlyForDeploymentPostprocessing = 0;
			shellPath = /bin/sh;
			shellScript = "diff \"${PODS_PODFILE_DIR_PATH}/Podfile.lock\" \"${PODS_ROOT}/Manifest.lock\" > /dev/null\nif [ $? != 0 ] ; then\n    # print error to STDERR\n    echo \"error: The sandbox is not in sync with the Podfile.lock. Run 'pod install' or update your CocoaPods installation.\" >&2\n    exit 1\nfi\n# This output is used by Xcode 'outputs' to avoid re-running this script phase.\necho \"SUCCESS\" > \"${SCRIPT_OUTPUT_FILE_0}\"\n";
			showEnvVarsInLog = 0;
		};
/* End PBXShellScriptBuildPhase section */

/* Begin PBXSourcesBuildPhase section */
		4599742E2579B63C00D805DF /* Sources */ = {
			isa = PBXSourcesBuildPhase;
			buildActionMask = 2147483647;
			files = (
				4594D1752579BAF6006BFA5E /* Constants.swift in Sources */,
				4594D17A2579BB16006BFA5E /* APIRouter.swift in Sources */,
				4594D1AB2579C4E3006BFA5E /* Hero.swift in Sources */,
				4594D1A02579C3EC006BFA5E /* ListVM.swift in Sources */,
				459974362579B63C00D805DF /* AppDelegate.swift in Sources */,
				4594D19B2579C3E3006BFA5E /* ListVC.swift in Sources */,
				459974382579B63C00D805DF /* SceneDelegate.swift in Sources */,
				45984517257C769800D02339 /* HeroProfile.swift in Sources */,
				45DAFAF5257B868100AD5DEF /* HeroCell.swift in Sources */,
				45DAFB19257BDA7B00AD5DEF /* HeroDetailVM.swift in Sources */,
				45B05068257B40CA00128B89 /* ErrorView.swift in Sources */,
				45B05060257B0E3200128B89 /* Utils.swift in Sources */,
				45B05078257B609C00128B89 /* RolesVC.swift in Sources */,
				45984522257CCF3300D02339 /* SuggestedHero.swift in Sources */,
				45DAFAE7257B6B4700AD5DEF /* Extensions.swift in Sources */,
				4594D1932579C3C4006BFA5E /* BaseVC.swift in Sources */,
				4567323B2579E7AA006D46B3 /* Database.swift in Sources */,
				45DAFB1E257BDA9500AD5DEF /* HeroDetailVC.swift in Sources */,
				45984512257C6C1400D02339 /* StatsView.swift in Sources */,
				4598450D257C667400D02339 /* DetailView.swift in Sources */,
				45B0507D257B60A600128B89 /* RolesVM.swift in Sources */,
				4594D1702579BAC7006BFA5E /* APIConfiguration.swift in Sources */,
			);
			runOnlyForDeploymentPostprocessing = 0;
		};
		459974442579B63C00D805DF /* Sources */ = {
			isa = PBXSourcesBuildPhase;
			buildActionMask = 2147483647;
			files = (
				4599744D2579B63C00D805DF /* Dota_HeroTests.swift in Sources */,
				4594D1A52579C4B9006BFA5E /* ListTests.swift in Sources */,
				45984527257D0E8400D02339 /* HeroDetailTests.swift in Sources */,
				4594D1B02579DA0F006BFA5E /* APITests.swift in Sources */,
				45B05082257B60B900128B89 /* RolesTests.swift in Sources */,
			);
			runOnlyForDeploymentPostprocessing = 0;
		};
		4599744F2579B63D00D805DF /* Sources */ = {
			isa = PBXSourcesBuildPhase;
			buildActionMask = 2147483647;
			files = (
				459974582579B63D00D805DF /* Dota_HeroUITests.swift in Sources */,
			);
			runOnlyForDeploymentPostprocessing = 0;
		};
/* End PBXSourcesBuildPhase section */

/* Begin PBXTargetDependency section */
		4599744A2579B63C00D805DF /* PBXTargetDependency */ = {
			isa = PBXTargetDependency;
			target = 459974312579B63C00D805DF /* Dota Hero */;
			targetProxy = 459974492579B63C00D805DF /* PBXContainerItemProxy */;
		};
		459974552579B63D00D805DF /* PBXTargetDependency */ = {
			isa = PBXTargetDependency;
			target = 459974312579B63C00D805DF /* Dota Hero */;
			targetProxy = 459974542579B63D00D805DF /* PBXContainerItemProxy */;
		};
/* End PBXTargetDependency section */

/* Begin PBXVariantGroup section */
		4599743B2579B63C00D805DF /* Main.storyboard */ = {
			isa = PBXVariantGroup;
			children = (
				4599743C2579B63C00D805DF /* Base */,
				45DAFB06257BD6E400AD5DEF /* id */,
			);
			name = Main.storyboard;
			sourceTree = "<group>";
		};
		459974402579B63C00D805DF /* LaunchScreen.storyboard */ = {
			isa = PBXVariantGroup;
			children = (
				459974412579B63C00D805DF /* Base */,
				45DAFB0A257BD6E400AD5DEF /* id */,
			);
			name = LaunchScreen.storyboard;
			sourceTree = "<group>";
		};
		45DAFB10257BD72900AD5DEF /* Localizable.strings */ = {
			isa = PBXVariantGroup;
			children = (
				45DAFB0F257BD72900AD5DEF /* en */,
				45DAFB14257BD72E00AD5DEF /* id */,
			);
			name = Localizable.strings;
			sourceTree = "<group>";
		};
/* End PBXVariantGroup section */

/* Begin XCBuildConfiguration section */
		4599745A2579B63D00D805DF /* Debug */ = {
			isa = XCBuildConfiguration;
			buildSettings = {
				ALWAYS_SEARCH_USER_PATHS = NO;
				CLANG_ANALYZER_LOCALIZABILITY_NONLOCALIZED = YES;
				CLANG_ANALYZER_NONNULL = YES;
				CLANG_ANALYZER_NUMBER_OBJECT_CONVERSION = YES_AGGRESSIVE;
				CLANG_CXX_LANGUAGE_STANDARD = "gnu++14";
				CLANG_CXX_LIBRARY = "libc++";
				CLANG_ENABLE_MODULES = YES;
				CLANG_ENABLE_OBJC_ARC = YES;
				CLANG_ENABLE_OBJC_WEAK = YES;
				CLANG_WARN_BLOCK_CAPTURE_AUTORELEASING = YES;
				CLANG_WARN_BOOL_CONVERSION = YES;
				CLANG_WARN_COMMA = YES;
				CLANG_WARN_CONSTANT_CONVERSION = YES;
				CLANG_WARN_DEPRECATED_OBJC_IMPLEMENTATIONS = YES;
				CLANG_WARN_DIRECT_OBJC_ISA_USAGE = YES_ERROR;
				CLANG_WARN_DOCUMENTATION_COMMENTS = YES;
				CLANG_WARN_EMPTY_BODY = YES;
				CLANG_WARN_ENUM_CONVERSION = YES;
				CLANG_WARN_INFINITE_RECURSION = YES;
				CLANG_WARN_INT_CONVERSION = YES;
				CLANG_WARN_NON_LITERAL_NULL_CONVERSION = YES;
				CLANG_WARN_OBJC_IMPLICIT_RETAIN_SELF = YES;
				CLANG_WARN_OBJC_LITERAL_CONVERSION = YES;
				CLANG_WARN_OBJC_ROOT_CLASS = YES_ERROR;
				CLANG_WARN_QUOTED_INCLUDE_IN_FRAMEWORK_HEADER = YES;
				CLANG_WARN_RANGE_LOOP_ANALYSIS = YES;
				CLANG_WARN_STRICT_PROTOTYPES = YES;
				CLANG_WARN_SUSPICIOUS_MOVE = YES;
				CLANG_WARN_UNGUARDED_AVAILABILITY = YES_AGGRESSIVE;
				CLANG_WARN_UNREACHABLE_CODE = YES;
				CLANG_WARN__DUPLICATE_METHOD_MATCH = YES;
				COPY_PHASE_STRIP = NO;
				DEBUG_INFORMATION_FORMAT = dwarf;
				ENABLE_STRICT_OBJC_MSGSEND = YES;
				ENABLE_TESTABILITY = YES;
				GCC_C_LANGUAGE_STANDARD = gnu11;
				GCC_DYNAMIC_NO_PIC = NO;
				GCC_NO_COMMON_BLOCKS = YES;
				GCC_OPTIMIZATION_LEVEL = 0;
				GCC_PREPROCESSOR_DEFINITIONS = (
					"DEBUG=1",
					"$(inherited)",
				);
				GCC_WARN_64_TO_32_BIT_CONVERSION = YES;
				GCC_WARN_ABOUT_RETURN_TYPE = YES_ERROR;
				GCC_WARN_UNDECLARED_SELECTOR = YES;
				GCC_WARN_UNINITIALIZED_AUTOS = YES_AGGRESSIVE;
				GCC_WARN_UNUSED_FUNCTION = YES;
				GCC_WARN_UNUSED_VARIABLE = YES;
				IPHONEOS_DEPLOYMENT_TARGET = 14.2;
				MTL_ENABLE_DEBUG_INFO = INCLUDE_SOURCE;
				MTL_FAST_MATH = YES;
				ONLY_ACTIVE_ARCH = YES;
				SDKROOT = iphoneos;
				SWIFT_ACTIVE_COMPILATION_CONDITIONS = DEBUG;
				SWIFT_OPTIMIZATION_LEVEL = "-Onone";
			};
			name = Debug;
		};
		4599745B2579B63D00D805DF /* Release */ = {
			isa = XCBuildConfiguration;
			buildSettings = {
				ALWAYS_SEARCH_USER_PATHS = NO;
				CLANG_ANALYZER_LOCALIZABILITY_NONLOCALIZED = YES;
				CLANG_ANALYZER_NONNULL = YES;
				CLANG_ANALYZER_NUMBER_OBJECT_CONVERSION = YES_AGGRESSIVE;
				CLANG_CXX_LANGUAGE_STANDARD = "gnu++14";
				CLANG_CXX_LIBRARY = "libc++";
				CLANG_ENABLE_MODULES = YES;
				CLANG_ENABLE_OBJC_ARC = YES;
				CLANG_ENABLE_OBJC_WEAK = YES;
				CLANG_WARN_BLOCK_CAPTURE_AUTORELEASING = YES;
				CLANG_WARN_BOOL_CONVERSION = YES;
				CLANG_WARN_COMMA = YES;
				CLANG_WARN_CONSTANT_CONVERSION = YES;
				CLANG_WARN_DEPRECATED_OBJC_IMPLEMENTATIONS = YES;
				CLANG_WARN_DIRECT_OBJC_ISA_USAGE = YES_ERROR;
				CLANG_WARN_DOCUMENTATION_COMMENTS = YES;
				CLANG_WARN_EMPTY_BODY = YES;
				CLANG_WARN_ENUM_CONVERSION = YES;
				CLANG_WARN_INFINITE_RECURSION = YES;
				CLANG_WARN_INT_CONVERSION = YES;
				CLANG_WARN_NON_LITERAL_NULL_CONVERSION = YES;
				CLANG_WARN_OBJC_IMPLICIT_RETAIN_SELF = YES;
				CLANG_WARN_OBJC_LITERAL_CONVERSION = YES;
				CLANG_WARN_OBJC_ROOT_CLASS = YES_ERROR;
				CLANG_WARN_QUOTED_INCLUDE_IN_FRAMEWORK_HEADER = YES;
				CLANG_WARN_RANGE_LOOP_ANALYSIS = YES;
				CLANG_WARN_STRICT_PROTOTYPES = YES;
				CLANG_WARN_SUSPICIOUS_MOVE = YES;
				CLANG_WARN_UNGUARDED_AVAILABILITY = YES_AGGRESSIVE;
				CLANG_WARN_UNREACHABLE_CODE = YES;
				CLANG_WARN__DUPLICATE_METHOD_MATCH = YES;
				COPY_PHASE_STRIP = NO;
				DEBUG_INFORMATION_FORMAT = "dwarf-with-dsym";
				ENABLE_NS_ASSERTIONS = NO;
				ENABLE_STRICT_OBJC_MSGSEND = YES;
				GCC_C_LANGUAGE_STANDARD = gnu11;
				GCC_NO_COMMON_BLOCKS = YES;
				GCC_WARN_64_TO_32_BIT_CONVERSION = YES;
				GCC_WARN_ABOUT_RETURN_TYPE = YES_ERROR;
				GCC_WARN_UNDECLARED_SELECTOR = YES;
				GCC_WARN_UNINITIALIZED_AUTOS = YES_AGGRESSIVE;
				GCC_WARN_UNUSED_FUNCTION = YES;
				GCC_WARN_UNUSED_VARIABLE = YES;
				IPHONEOS_DEPLOYMENT_TARGET = 14.2;
				MTL_ENABLE_DEBUG_INFO = NO;
				MTL_FAST_MATH = YES;
				SDKROOT = iphoneos;
				SWIFT_COMPILATION_MODE = wholemodule;
				SWIFT_OPTIMIZATION_LEVEL = "-O";
				VALIDATE_PRODUCT = YES;
			};
			name = Release;
		};
		4599745D2579B63D00D805DF /* Debug */ = {
			isa = XCBuildConfiguration;
			baseConfigurationReference = 89747CF412AE40EADE3E76AA /* Pods-Dota Hero.debug.xcconfig */;
			buildSettings = {
				ASSETCATALOG_COMPILER_APPICON_NAME = AppIcon;
				ASSETCATALOG_COMPILER_GLOBAL_ACCENT_COLOR_NAME = AccentColor;
				CODE_SIGN_STYLE = Automatic;
				DEVELOPMENT_TEAM = 2RL4G4B6A8;
				INFOPLIST_FILE = "Dota Hero/Info.plist";
				LD_RUNPATH_SEARCH_PATHS = (
					"$(inherited)",
					"@executable_path/Frameworks",
				);
				MARKETING_VERSION = 1.0.1;
				PRODUCT_BUNDLE_IDENTIFIER = "github.dwipp.Dota-Hero";
				PRODUCT_NAME = "$(TARGET_NAME)";
				SWIFT_VERSION = 5.0;
				TARGETED_DEVICE_FAMILY = "1,2";
			};
			name = Debug;
		};
		4599745E2579B63D00D805DF /* Release */ = {
			isa = XCBuildConfiguration;
			baseConfigurationReference = 27541FB9891F6A0B6B5A3662 /* Pods-Dota Hero.release.xcconfig */;
			buildSettings = {
				ASSETCATALOG_COMPILER_APPICON_NAME = AppIcon;
				ASSETCATALOG_COMPILER_GLOBAL_ACCENT_COLOR_NAME = AccentColor;
				CODE_SIGN_STYLE = Automatic;
				DEVELOPMENT_TEAM = 2RL4G4B6A8;
				INFOPLIST_FILE = "Dota Hero/Info.plist";
				LD_RUNPATH_SEARCH_PATHS = (
					"$(inherited)",
					"@executable_path/Frameworks",
				);
				MARKETING_VERSION = 1.0.1;
				PRODUCT_BUNDLE_IDENTIFIER = "github.dwipp.Dota-Hero";
				PRODUCT_NAME = "$(TARGET_NAME)";
				SWIFT_VERSION = 5.0;
				TARGETED_DEVICE_FAMILY = "1,2";
			};
			name = Release;
		};
		459974602579B63D00D805DF /* Debug */ = {
			isa = XCBuildConfiguration;
			baseConfigurationReference = 91F72B96F8508F9EC663CAA2 /* Pods-Dota HeroTests.debug.xcconfig */;
			buildSettings = {
				ALWAYS_EMBED_SWIFT_STANDARD_LIBRARIES = YES;
				BUNDLE_LOADER = "$(TEST_HOST)";
				CODE_SIGN_STYLE = Automatic;
				DEVELOPMENT_TEAM = 2RL4G4B6A8;
				INFOPLIST_FILE = "Dota HeroTests/Info.plist";
				IPHONEOS_DEPLOYMENT_TARGET = 14.2;
				LD_RUNPATH_SEARCH_PATHS = (
					"$(inherited)",
					"@executable_path/Frameworks",
					"@loader_path/Frameworks",
				);
				PRODUCT_BUNDLE_IDENTIFIER = "github.dwipp.Dota-HeroTests";
				PRODUCT_NAME = "$(TARGET_NAME)";
				SWIFT_VERSION = 5.0;
				TARGETED_DEVICE_FAMILY = "1,2";
				TEST_HOST = "$(BUILT_PRODUCTS_DIR)/Dota Hero.app/Dota Hero";
			};
			name = Debug;
		};
		459974612579B63D00D805DF /* Release */ = {
			isa = XCBuildConfiguration;
			baseConfigurationReference = 3B42CE21CAD604950324005F /* Pods-Dota HeroTests.release.xcconfig */;
			buildSettings = {
				ALWAYS_EMBED_SWIFT_STANDARD_LIBRARIES = YES;
				BUNDLE_LOADER = "$(TEST_HOST)";
				CODE_SIGN_STYLE = Automatic;
				DEVELOPMENT_TEAM = 2RL4G4B6A8;
				INFOPLIST_FILE = "Dota HeroTests/Info.plist";
				IPHONEOS_DEPLOYMENT_TARGET = 14.2;
				LD_RUNPATH_SEARCH_PATHS = (
					"$(inherited)",
					"@executable_path/Frameworks",
					"@loader_path/Frameworks",
				);
				PRODUCT_BUNDLE_IDENTIFIER = "github.dwipp.Dota-HeroTests";
				PRODUCT_NAME = "$(TARGET_NAME)";
				SWIFT_VERSION = 5.0;
				TARGETED_DEVICE_FAMILY = "1,2";
				TEST_HOST = "$(BUILT_PRODUCTS_DIR)/Dota Hero.app/Dota Hero";
			};
			name = Release;
		};
		459974632579B63D00D805DF /* Debug */ = {
			isa = XCBuildConfiguration;
			baseConfigurationReference = C72751076B2758E000BD52A3 /* Pods-Dota Hero-Dota HeroUITests.debug.xcconfig */;
			buildSettings = {
				ALWAYS_EMBED_SWIFT_STANDARD_LIBRARIES = YES;
				CODE_SIGN_STYLE = Automatic;
				DEVELOPMENT_TEAM = 2RL4G4B6A8;
				INFOPLIST_FILE = "Dota HeroUITests/Info.plist";
				LD_RUNPATH_SEARCH_PATHS = (
					"$(inherited)",
					"@executable_path/Frameworks",
					"@loader_path/Frameworks",
				);
				PRODUCT_BUNDLE_IDENTIFIER = "github.dwipp.Dota-HeroUITests";
				PRODUCT_NAME = "$(TARGET_NAME)";
				SWIFT_VERSION = 5.0;
				TARGETED_DEVICE_FAMILY = "1,2";
				TEST_TARGET_NAME = "Dota Hero";
			};
			name = Debug;
		};
		459974642579B63D00D805DF /* Release */ = {
			isa = XCBuildConfiguration;
			baseConfigurationReference = EF12F8D2652309E9589BA01F /* Pods-Dota Hero-Dota HeroUITests.release.xcconfig */;
			buildSettings = {
				ALWAYS_EMBED_SWIFT_STANDARD_LIBRARIES = YES;
				CODE_SIGN_STYLE = Automatic;
				DEVELOPMENT_TEAM = 2RL4G4B6A8;
				INFOPLIST_FILE = "Dota HeroUITests/Info.plist";
				LD_RUNPATH_SEARCH_PATHS = (
					"$(inherited)",
					"@executable_path/Frameworks",
					"@loader_path/Frameworks",
				);
				PRODUCT_BUNDLE_IDENTIFIER = "github.dwipp.Dota-HeroUITests";
				PRODUCT_NAME = "$(TARGET_NAME)";
				SWIFT_VERSION = 5.0;
				TARGETED_DEVICE_FAMILY = "1,2";
				TEST_TARGET_NAME = "Dota Hero";
			};
			name = Release;
		};
/* End XCBuildConfiguration section */

/* Begin XCConfigurationList section */
		4599742D2579B63C00D805DF /* Build configuration list for PBXProject "Dota Hero" */ = {
			isa = XCConfigurationList;
			buildConfigurations = (
				4599745A2579B63D00D805DF /* Debug */,
				4599745B2579B63D00D805DF /* Release */,
			);
			defaultConfigurationIsVisible = 0;
			defaultConfigurationName = Release;
		};
		4599745C2579B63D00D805DF /* Build configuration list for PBXNativeTarget "Dota Hero" */ = {
			isa = XCConfigurationList;
			buildConfigurations = (
				4599745D2579B63D00D805DF /* Debug */,
				4599745E2579B63D00D805DF /* Release */,
			);
			defaultConfigurationIsVisible = 0;
			defaultConfigurationName = Release;
		};
		4599745F2579B63D00D805DF /* Build configuration list for PBXNativeTarget "Dota HeroTests" */ = {
			isa = XCConfigurationList;
			buildConfigurations = (
				459974602579B63D00D805DF /* Debug */,
				459974612579B63D00D805DF /* Release */,
			);
			defaultConfigurationIsVisible = 0;
			defaultConfigurationName = Release;
		};
		459974622579B63D00D805DF /* Build configuration list for PBXNativeTarget "Dota HeroUITests" */ = {
			isa = XCConfigurationList;
			buildConfigurations = (
				459974632579B63D00D805DF /* Debug */,
				459974642579B63D00D805DF /* Release */,
			);
			defaultConfigurationIsVisible = 0;
			defaultConfigurationName = Release;
		};
/* End XCConfigurationList section */
	};
	rootObject = 4599742A2579B63C00D805DF /* Project object */;
}
